Microsoft Visual Studio Solution File, Format Version 12.00
# Visual Studio 15
VisualStudioVersion = 15.0.27130.2036
MinimumVisualStudioVersion = 15.0.26124.0
Project("{2150E333-8FDC-42A3-9474-1A3956D46DE8}") = "src", "src", "{9F69F649-4A5E-4386-A300-D98079D86E06}"
EndProject
Project("{9A19103F-16F7-4668-BE54-9A1E7A4F7556}") = "Downloader", "src\Downloader\Downloader.csproj", "{5B0C8CA9-8DA8-4AF7-82AB-724D84CA40B4}"
EndProject
Project("{9A19103F-16F7-4668-BE54-9A1E7A4F7556}") = "Extensibility", "src\Extensibility\Extensibility.csproj", "{8AD07252-A1B4-4B48-9632-C3520CB197A9}"
EndProject
Project("{2150E333-8FDC-42A3-9474-1A3956D46DE8}") = "test", "test", "{0B73CCAE-ABCA-4B7C-A663-4C0D98971BFA}"
EndProject
Project("{2150E333-8FDC-42A3-9474-1A3956D46DE8}") = "doc", "doc", "{40A0AD6A-408C-43E0-840C-0B895AC14258}"
	ProjectSection(SolutionItems) = preProject
		doc\overview.md = doc\overview.md
	EndProjectSection
EndProject
Project("{2150E333-8FDC-42A3-9474-1A3956D46DE8}") = "Solution Items", "Solution Items", "{ACA6F0ED-C310-4620-949E-E9FF97FA4EA8}"
	ProjectSection(SolutionItems) = preProject
		Redme.md = Redme.md
	EndProjectSection
EndProject
Project("{FAE04EC0-301F-11D3-BF4B-00C04F79EFBC}") = "Downloader.Test", "test\Downloader.Test\Downloader.Test.csproj", "{14A96309-1068-4730-A217-9AF525B39A88}"
EndProject
Global
	GlobalSection(SolutionConfigurationPlatforms) = preSolution
		Debug|Any CPU = Debug|Any CPU
		Debug|x64 = Debug|x64
		Debug|x86 = Debug|x86
		Release|Any CPU = Release|Any CPU
		Release|x64 = Release|x64
		Release|x86 = Release|x86
	EndGlobalSection
	GlobalSection(ProjectConfigurationPlatforms) = postSolution
		{5B0C8CA9-8DA8-4AF7-82AB-724D84CA40B4}.Debug|Any CPU.ActiveCfg = Debug|Any CPU
		{5B0C8CA9-8DA8-4AF7-82AB-724D84CA40B4}.Debug|Any CPU.Build.0 = Debug|Any CPU
		{5B0C8CA9-8DA8-4AF7-82AB-724D84CA40B4}.Debug|x64.ActiveCfg = Debug|Any CPU
		{5B0C8CA9-8DA8-4AF7-82AB-724D84CA40B4}.Debug|x64.Build.0 = Debug|Any CPU
		{5B0C8CA9-8DA8-4AF7-82AB-724D84CA40B4}.Debug|x86.ActiveCfg = Debug|Any CPU
		{5B0C8CA9-8DA8-4AF7-82AB-724D84CA40B4}.Debug|x86.Build.0 = Debug|Any CPU
		{5B0C8CA9-8DA8-4AF7-82AB-724D84CA40B4}.Release|Any CPU.ActiveCfg = Release|Any CPU
		{5B0C8CA9-8DA8-4AF7-82AB-724D84CA40B4}.Release|Any CPU.Build.0 = Release|Any CPU
		{5B0C8CA9-8DA8-4AF7-82AB-724D84CA40B4}.Release|x64.ActiveCfg = Release|Any CPU
		{5B0C8CA9-8DA8-4AF7-82AB-724D84CA40B4}.Release|x64.Build.0 = Release|Any CPU
		{5B0C8CA9-8DA8-4AF7-82AB-724D84CA40B4}.Release|x86.ActiveCfg = Release|Any CPU
		{5B0C8CA9-8DA8-4AF7-82AB-724D84CA40B4}.Release|x86.Build.0 = Release|Any CPU
		{8AD07252-A1B4-4B48-9632-C3520CB197A9}.Debug|Any CPU.ActiveCfg = Debug|Any CPU
		{8AD07252-A1B4-4B48-9632-C3520CB197A9}.Debug|Any CPU.Build.0 = Debug|Any CPU
		{8AD07252-A1B4-4B48-9632-C3520CB197A9}.Debug|x64.ActiveCfg = Debug|Any CPU
		{8AD07252-A1B4-4B48-9632-C3520CB197A9}.Debug|x64.Build.0 = Debug|Any CPU
		{8AD07252-A1B4-4B48-9632-C3520CB197A9}.Debug|x86.ActiveCfg = Debug|Any CPU
		{8AD07252-A1B4-4B48-9632-C3520CB197A9}.Debug|x86.Build.0 = Debug|Any CPU
		{8AD07252-A1B4-4B48-9632-C3520CB197A9}.Release|Any CPU.ActiveCfg = Release|Any CPU
		{8AD07252-A1B4-4B48-9632-C3520CB197A9}.Release|Any CPU.Build.0 = Release|Any CPU
		{8AD07252-A1B4-4B48-9632-C3520CB197A9}.Release|x64.ActiveCfg = Release|Any CPU
		{8AD07252-A1B4-4B48-9632-C3520CB197A9}.Release|x64.Build.0 = Release|Any CPU
		{8AD07252-A1B4-4B48-9632-C3520CB197A9}.Release|x86.ActiveCfg = Release|Any CPU
		{8AD07252-A1B4-4B48-9632-C3520CB197A9}.Release|x86.Build.0 = Release|Any CPU
		{14A96309-1068-4730-A217-9AF525B39A88}.Debug|Any CPU.ActiveCfg = Debug|Any CPU
		{14A96309-1068-4730-A217-9AF525B39A88}.Debug|Any CPU.Build.0 = Debug|Any CPU
		{14A96309-1068-4730-A217-9AF525B39A88}.Debug|x64.ActiveCfg = Debug|Any CPU
		{14A96309-1068-4730-A217-9AF525B39A88}.Debug|x64.Build.0 = Debug|Any CPU
		{14A96309-1068-4730-A217-9AF525B39A88}.Debug|x86.ActiveCfg = Debug|Any CPU
		{14A96309-1068-4730-A217-9AF525B39A88}.Debug|x86.Build.0 = Debug|Any CPU
		{14A96309-1068-4730-A217-9AF525B39A88}.Release|Any CPU.ActiveCfg = Release|Any CPU
		{14A96309-1068-4730-A217-9AF525B39A88}.Release|Any CPU.Build.0 = Release|Any CPU
		{14A96309-1068-4730-A217-9AF525B39A88}.Release|x64.ActiveCfg = Release|Any CPU
		{14A96309-1068-4730-A217-9AF525B39A88}.Release|x64.Build.0 = Release|Any CPU
		{14A96309-1068-4730-A217-9AF525B39A88}.Release|x86.ActiveCfg = Release|Any CPU
		{14A96309-1068-4730-A217-9AF525B39A88}.Release|x86.Build.0 = Release|Any CPU
	EndGlobalSection
	GlobalSection(SolutionProperties) = preSolution
		HideSolutionNode = FALSE
	EndGlobalSection
	GlobalSection(NestedProjects) = preSolution
		{5B0C8CA9-8DA8-4AF7-82AB-724D84CA40B4} = {9F69F649-4A5E-4386-A300-D98079D86E06}
		{8AD07252-A1B4-4B48-9632-C3520CB197A9} = {9F69F649-4A5E-4386-A300-D98079D86E06}
		{14A96309-1068-4730-A217-9AF525B39A88} = {0B73CCAE-ABCA-4B7C-A663-4C0D98971BFA}
	EndGlobalSection
	GlobalSection(ExtensibilityGlobals) = postSolution
		SolutionGuid = {123E1EE2-8CF0-4841-99EB-07B6CFF7B131}
	EndGlobalSection
EndGlobal
