Microsoft Visual Studio Solution File, Format Version 12.00
# Visual Studio 15
VisualStudioVersion = 15.0.27130.2036
MinimumVisualStudioVersion = 15.0.26124.0
Project("{2150E333-8FDC-42A3-9474-1A3956D46DE8}") = "src", "src", "{9F69F649-4A5E-4386-A300-D98079D86E06}"
EndProject
Project("{9A19103F-16F7-4668-BE54-9A1E7A4F7556}") = "Downloader", "src\Downloader\Downloader.csproj", "{5B0C8CA9-8DA8-4AF7-82AB-724D84CA40B4}"
EndProject
Project("{9A19103F-16F7-4668-BE54-9A1E7A4F7556}") = "Extensibility", "src\Extensibility\Extensibility.csproj", "{8AD07252-A1B4-4B48-9632-C3520CB197A9}"
EndProject
Project("{2150E333-8FDC-42A3-9474-1A3956D46DE8}") = "test", "test", "{0B73CCAE-ABCA-4B7C-A663-4C0D98971BFA}"
EndProject
Project("{2150E333-8FDC-42A3-9474-1A3956D46DE8}") = "docs", "docs", "{40A0AD6A-408C-43E0-840C-0B895AC14258}"
	ProjectSection(SolutionItems) = preProject
		docs\overview.md = docs\overview.md
	EndProjectSection
EndProject
Project("{2150E333-8FDC-42A3-9474-1A3956D46DE8}") = "Solution Items", "Solution Items", "{ACA6F0ED-C310-4620-949E-E9FF97FA4EA8}"
EndProject
Project("{9A19103F-16F7-4668-BE54-9A1E7A4F7556}") = "Downloader.Test", "test\Downloader.Test\Downloader.Test.csproj", "{14A96309-1068-4730-A217-9AF525B39A88}"
EndProject
Project("{9A19103F-16F7-4668-BE54-9A1E7A4F7556}") = "FileAudit", "src\FileAudit\FileAudit.csproj", "{82017E3C-4A2E-462C-9848-ECE8CFD20A0D}"
EndProject
Project("{9A19103F-16F7-4668-BE54-9A1E7A4F7556}") = "Console", "src\Console\Console.csproj", "{28DABA8A-EB74-4B66-985D-49FE3C5C05E6}"
EndProject
Project("{9A19103F-16F7-4668-BE54-9A1E7A4F7556}") = "WebHandlers", "src\WebHandlers\WebHandlers.csproj", "{D0F91C6F-AC5F-455B-8DD9-933F630F2D89}"
EndProject
Project("{9A19103F-16F7-4668-BE54-9A1E7A4F7556}") = "DataAccess", "src\DataAccess\DataAccess.csproj", "{DD60E1C9-99B3-40F2-A062-4FD1FB52C203}"
EndProject
Project("{9A19103F-16F7-4668-BE54-9A1E7A4F7556}") = "DataAcess.Test", "test\DataAcess.Test\DataAcess.Test.csproj", "{823D1511-4719-4572-B388-1F297367321B}"
EndProject
Global
	GlobalSection(SolutionConfigurationPlatforms) = preSolution
		Debug|Any CPU = Debug|Any CPU
		Debug|x64 = Debug|x64
		Debug|x86 = Debug|x86
		Release|Any CPU = Release|Any CPU
		Release|x64 = Release|x64
		Release|x86 = Release|x86
	EndGlobalSection
	GlobalSection(ProjectConfigurationPlatforms) = postSolution
		{5B0C8CA9-8DA8-4AF7-82AB-724D84CA40B4}.Debug|Any CPU.ActiveCfg = Debug|Any CPU
		{5B0C8CA9-8DA8-4AF7-82AB-724D84CA40B4}.Debug|Any CPU.Build.0 = Debug|Any CPU
		{5B0C8CA9-8DA8-4AF7-82AB-724D84CA40B4}.Debug|x64.ActiveCfg = Debug|Any CPU
		{5B0C8CA9-8DA8-4AF7-82AB-724D84CA40B4}.Debug|x64.Build.0 = Debug|Any CPU
		{5B0C8CA9-8DA8-4AF7-82AB-724D84CA40B4}.Debug|x86.ActiveCfg = Debug|Any CPU
		{5B0C8CA9-8DA8-4AF7-82AB-724D84CA40B4}.Debug|x86.Build.0 = Debug|Any CPU
		{5B0C8CA9-8DA8-4AF7-82AB-724D84CA40B4}.Release|Any CPU.ActiveCfg = Release|Any CPU
		{5B0C8CA9-8DA8-4AF7-82AB-724D84CA40B4}.Release|Any CPU.Build.0 = Release|Any CPU
		{5B0C8CA9-8DA8-4AF7-82AB-724D84CA40B4}.Release|x64.ActiveCfg = Release|Any CPU
		{5B0C8CA9-8DA8-4AF7-82AB-724D84CA40B4}.Release|x64.Build.0 = Release|Any CPU
		{5B0C8CA9-8DA8-4AF7-82AB-724D84CA40B4}.Release|x86.ActiveCfg = Release|Any CPU
		{5B0C8CA9-8DA8-4AF7-82AB-724D84CA40B4}.Release|x86.Build.0 = Release|Any CPU
		{8AD07252-A1B4-4B48-9632-C3520CB197A9}.Debug|Any CPU.ActiveCfg = Debug|Any CPU
		{8AD07252-A1B4-4B48-9632-C3520CB197A9}.Debug|Any CPU.Build.0 = Debug|Any CPU
		{8AD07252-A1B4-4B48-9632-C3520CB197A9}.Debug|x64.ActiveCfg = Debug|Any CPU
		{8AD07252-A1B4-4B48-9632-C3520CB197A9}.Debug|x64.Build.0 = Debug|Any CPU
		{8AD07252-A1B4-4B48-9632-C3520CB197A9}.Debug|x86.ActiveCfg = Debug|Any CPU
		{8AD07252-A1B4-4B48-9632-C3520CB197A9}.Debug|x86.Build.0 = Debug|Any CPU
		{8AD07252-A1B4-4B48-9632-C3520CB197A9}.Release|Any CPU.ActiveCfg = Release|Any CPU
		{8AD07252-A1B4-4B48-9632-C3520CB197A9}.Release|Any CPU.Build.0 = Release|Any CPU
		{8AD07252-A1B4-4B48-9632-C3520CB197A9}.Release|x64.ActiveCfg = Release|Any CPU
		{8AD07252-A1B4-4B48-9632-C3520CB197A9}.Release|x64.Build.0 = Release|Any CPU
		{8AD07252-A1B4-4B48-9632-C3520CB197A9}.Release|x86.ActiveCfg = Release|Any CPU
		{8AD07252-A1B4-4B48-9632-C3520CB197A9}.Release|x86.Build.0 = Release|Any CPU
		{14A96309-1068-4730-A217-9AF525B39A88}.Debug|Any CPU.ActiveCfg = Debug|Any CPU
		{14A96309-1068-4730-A217-9AF525B39A88}.Debug|Any CPU.Build.0 = Debug|Any CPU
		{14A96309-1068-4730-A217-9AF525B39A88}.Debug|x64.ActiveCfg = Debug|Any CPU
		{14A96309-1068-4730-A217-9AF525B39A88}.Debug|x64.Build.0 = Debug|Any CPU
		{14A96309-1068-4730-A217-9AF525B39A88}.Debug|x86.ActiveCfg = Debug|Any CPU
		{14A96309-1068-4730-A217-9AF525B39A88}.Debug|x86.Build.0 = Debug|Any CPU
		{14A96309-1068-4730-A217-9AF525B39A88}.Release|Any CPU.ActiveCfg = Release|Any CPU
		{14A96309-1068-4730-A217-9AF525B39A88}.Release|Any CPU.Build.0 = Release|Any CPU
		{14A96309-1068-4730-A217-9AF525B39A88}.Release|x64.ActiveCfg = Release|Any CPU
		{14A96309-1068-4730-A217-9AF525B39A88}.Release|x64.Build.0 = Release|Any CPU
		{14A96309-1068-4730-A217-9AF525B39A88}.Release|x86.ActiveCfg = Release|Any CPU
		{14A96309-1068-4730-A217-9AF525B39A88}.Release|x86.Build.0 = Release|Any CPU
		{82017E3C-4A2E-462C-9848-ECE8CFD20A0D}.Debug|Any CPU.ActiveCfg = Debug|Any CPU
		{82017E3C-4A2E-462C-9848-ECE8CFD20A0D}.Debug|Any CPU.Build.0 = Debug|Any CPU
		{82017E3C-4A2E-462C-9848-ECE8CFD20A0D}.Debug|x64.ActiveCfg = Debug|Any CPU
		{82017E3C-4A2E-462C-9848-ECE8CFD20A0D}.Debug|x64.Build.0 = Debug|Any CPU
		{82017E3C-4A2E-462C-9848-ECE8CFD20A0D}.Debug|x86.ActiveCfg = Debug|Any CPU
		{82017E3C-4A2E-462C-9848-ECE8CFD20A0D}.Debug|x86.Build.0 = Debug|Any CPU
		{82017E3C-4A2E-462C-9848-ECE8CFD20A0D}.Release|Any CPU.ActiveCfg = Release|Any CPU
		{82017E3C-4A2E-462C-9848-ECE8CFD20A0D}.Release|Any CPU.Build.0 = Release|Any CPU
		{82017E3C-4A2E-462C-9848-ECE8CFD20A0D}.Release|x64.ActiveCfg = Release|Any CPU
		{82017E3C-4A2E-462C-9848-ECE8CFD20A0D}.Release|x64.Build.0 = Release|Any CPU
		{82017E3C-4A2E-462C-9848-ECE8CFD20A0D}.Release|x86.ActiveCfg = Release|Any CPU
		{82017E3C-4A2E-462C-9848-ECE8CFD20A0D}.Release|x86.Build.0 = Release|Any CPU
		{28DABA8A-EB74-4B66-985D-49FE3C5C05E6}.Debug|Any CPU.ActiveCfg = Debug|Any CPU
		{28DABA8A-EB74-4B66-985D-49FE3C5C05E6}.Debug|Any CPU.Build.0 = Debug|Any CPU
		{28DABA8A-EB74-4B66-985D-49FE3C5C05E6}.Debug|x64.ActiveCfg = Debug|Any CPU
		{28DABA8A-EB74-4B66-985D-49FE3C5C05E6}.Debug|x64.Build.0 = Debug|Any CPU
		{28DABA8A-EB74-4B66-985D-49FE3C5C05E6}.Debug|x86.ActiveCfg = Debug|Any CPU
		{28DABA8A-EB74-4B66-985D-49FE3C5C05E6}.Debug|x86.Build.0 = Debug|Any CPU
		{28DABA8A-EB74-4B66-985D-49FE3C5C05E6}.Release|Any CPU.ActiveCfg = Release|Any CPU
		{28DABA8A-EB74-4B66-985D-49FE3C5C05E6}.Release|Any CPU.Build.0 = Release|Any CPU
		{28DABA8A-EB74-4B66-985D-49FE3C5C05E6}.Release|x64.ActiveCfg = Release|Any CPU
		{28DABA8A-EB74-4B66-985D-49FE3C5C05E6}.Release|x64.Build.0 = Release|Any CPU
		{28DABA8A-EB74-4B66-985D-49FE3C5C05E6}.Release|x86.ActiveCfg = Release|Any CPU
		{28DABA8A-EB74-4B66-985D-49FE3C5C05E6}.Release|x86.Build.0 = Release|Any CPU
		{D0F91C6F-AC5F-455B-8DD9-933F630F2D89}.Debug|Any CPU.ActiveCfg = Debug|Any CPU
		{D0F91C6F-AC5F-455B-8DD9-933F630F2D89}.Debug|Any CPU.Build.0 = Debug|Any CPU
		{D0F91C6F-AC5F-455B-8DD9-933F630F2D89}.Debug|x64.ActiveCfg = Debug|Any CPU
		{D0F91C6F-AC5F-455B-8DD9-933F630F2D89}.Debug|x64.Build.0 = Debug|Any CPU
		{D0F91C6F-AC5F-455B-8DD9-933F630F2D89}.Debug|x86.ActiveCfg = Debug|Any CPU
		{D0F91C6F-AC5F-455B-8DD9-933F630F2D89}.Debug|x86.Build.0 = Debug|Any CPU
		{D0F91C6F-AC5F-455B-8DD9-933F630F2D89}.Release|Any CPU.ActiveCfg = Release|Any CPU
		{D0F91C6F-AC5F-455B-8DD9-933F630F2D89}.Release|Any CPU.Build.0 = Release|Any CPU
		{D0F91C6F-AC5F-455B-8DD9-933F630F2D89}.Release|x64.ActiveCfg = Release|Any CPU
		{D0F91C6F-AC5F-455B-8DD9-933F630F2D89}.Release|x64.Build.0 = Release|Any CPU
		{D0F91C6F-AC5F-455B-8DD9-933F630F2D89}.Release|x86.ActiveCfg = Release|Any CPU
		{D0F91C6F-AC5F-455B-8DD9-933F630F2D89}.Release|x86.Build.0 = Release|Any CPU
		{DD60E1C9-99B3-40F2-A062-4FD1FB52C203}.Debug|Any CPU.ActiveCfg = Debug|Any CPU
		{DD60E1C9-99B3-40F2-A062-4FD1FB52C203}.Debug|Any CPU.Build.0 = Debug|Any CPU
		{DD60E1C9-99B3-40F2-A062-4FD1FB52C203}.Debug|x64.ActiveCfg = Debug|Any CPU
		{DD60E1C9-99B3-40F2-A062-4FD1FB52C203}.Debug|x64.Build.0 = Debug|Any CPU
		{DD60E1C9-99B3-40F2-A062-4FD1FB52C203}.Debug|x86.ActiveCfg = Debug|Any CPU
		{DD60E1C9-99B3-40F2-A062-4FD1FB52C203}.Debug|x86.Build.0 = Debug|Any CPU
		{DD60E1C9-99B3-40F2-A062-4FD1FB52C203}.Release|Any CPU.ActiveCfg = Release|Any CPU
		{DD60E1C9-99B3-40F2-A062-4FD1FB52C203}.Release|Any CPU.Build.0 = Release|Any CPU
		{DD60E1C9-99B3-40F2-A062-4FD1FB52C203}.Release|x64.ActiveCfg = Release|Any CPU
		{DD60E1C9-99B3-40F2-A062-4FD1FB52C203}.Release|x64.Build.0 = Release|Any CPU
		{DD60E1C9-99B3-40F2-A062-4FD1FB52C203}.Release|x86.ActiveCfg = Release|Any CPU
		{DD60E1C9-99B3-40F2-A062-4FD1FB52C203}.Release|x86.Build.0 = Release|Any CPU
		{823D1511-4719-4572-B388-1F297367321B}.Debug|Any CPU.ActiveCfg = Debug|Any CPU
		{823D1511-4719-4572-B388-1F297367321B}.Debug|Any CPU.Build.0 = Debug|Any CPU
		{823D1511-4719-4572-B388-1F297367321B}.Debug|x64.ActiveCfg = Debug|Any CPU
		{823D1511-4719-4572-B388-1F297367321B}.Debug|x64.Build.0 = Debug|Any CPU
		{823D1511-4719-4572-B388-1F297367321B}.Debug|x86.ActiveCfg = Debug|Any CPU
		{823D1511-4719-4572-B388-1F297367321B}.Debug|x86.Build.0 = Debug|Any CPU
		{823D1511-4719-4572-B388-1F297367321B}.Release|Any CPU.ActiveCfg = Release|Any CPU
		{823D1511-4719-4572-B388-1F297367321B}.Release|Any CPU.Build.0 = Release|Any CPU
		{823D1511-4719-4572-B388-1F297367321B}.Release|x64.ActiveCfg = Release|Any CPU
		{823D1511-4719-4572-B388-1F297367321B}.Release|x64.Build.0 = Release|Any CPU
		{823D1511-4719-4572-B388-1F297367321B}.Release|x86.ActiveCfg = Release|Any CPU
		{823D1511-4719-4572-B388-1F297367321B}.Release|x86.Build.0 = Release|Any CPU
	EndGlobalSection
	GlobalSection(SolutionProperties) = preSolution
		HideSolutionNode = FALSE
	EndGlobalSection
	GlobalSection(NestedProjects) = preSolution
		{5B0C8CA9-8DA8-4AF7-82AB-724D84CA40B4} = {9F69F649-4A5E-4386-A300-D98079D86E06}
		{8AD07252-A1B4-4B48-9632-C3520CB197A9} = {9F69F649-4A5E-4386-A300-D98079D86E06}
		{14A96309-1068-4730-A217-9AF525B39A88} = {0B73CCAE-ABCA-4B7C-A663-4C0D98971BFA}
		{82017E3C-4A2E-462C-9848-ECE8CFD20A0D} = {9F69F649-4A5E-4386-A300-D98079D86E06}
		{28DABA8A-EB74-4B66-985D-49FE3C5C05E6} = {9F69F649-4A5E-4386-A300-D98079D86E06}
		{D0F91C6F-AC5F-455B-8DD9-933F630F2D89} = {9F69F649-4A5E-4386-A300-D98079D86E06}
		{DD60E1C9-99B3-40F2-A062-4FD1FB52C203} = {9F69F649-4A5E-4386-A300-D98079D86E06}
		{823D1511-4719-4572-B388-1F297367321B} = {0B73CCAE-ABCA-4B7C-A663-4C0D98971BFA}
	EndGlobalSection
	GlobalSection(ExtensibilityGlobals) = postSolution
		SolutionGuid = {123E1EE2-8CF0-4841-99EB-07B6CFF7B131}
	EndGlobalSection
EndGlobal
